
Microsoft Visual Studio Solution File, Format Version 12.00
# Visual Studio 2013
VisualStudioVersion = 12.0.30723.0
MinimumVisualStudioVersion = 10.0.40219.1
Project("{FAE04EC0-301F-11D3-BF4B-00C04F79EFBC}") = "Bitz.WPF", "Bitz.WPF\Bitz.WPF.csproj", "{0DA39ED2-F150-4860-9D07-0A0AF63E4045}"
EndProject
Project("{FAE04EC0-301F-11D3-BF4B-00C04F79EFBC}") = "Bitz.Business", "Bitz.Business\Bitz.Business.csproj", "{D0F8A00D-250B-49EE-BF1D-83730DFF463F}"
EndProject
Project("{2150E333-8FDC-42A3-9474-1A3956D46DE8}") = "Bitz", "Bitz", "{00C8A5EC-EB5F-4A07-B39A-8C9562B77831}"
EndProject
Project("{2150E333-8FDC-42A3-9474-1A3956D46DE8}") = "Bitz.Cargo", "Bitz.Cargo", "{C8DA3A7C-8AB1-476A-A8C5-753601B5C550}"
EndProject
Project("{FAE04EC0-301F-11D3-BF4B-00C04F79EFBC}") = "Bitz.Cargo.WPF", "..\Bitz.Cargo\Bitz.Cargo.WPF\Bitz.Cargo.WPF.csproj", "{06916F85-B3B6-46F5-BF60-39B14BEFEDF1}"
EndProject
Project("{FAE04EC0-301F-11D3-BF4B-00C04F79EFBC}") = "Bitz.Cargo.Business", "..\Bitz.Cargo\Bitz.Cargo.Business\Bitz.Cargo.Business.csproj", "{54E9FCDA-831B-4629-A03F-62BA4603CB65}"
EndProject
Project("{2150E333-8FDC-42A3-9474-1A3956D46DE8}") = "Bitz.Payroll", "Bitz.Payroll", "{35972D74-7146-4CC8-B3D9-A97BF1863BFC}"
EndProject
Project("{FAE04EC0-301F-11D3-BF4B-00C04F79EFBC}") = "Bitz.Payroll.WPF", "..\Bitz.Payroll\Bitz.Payroll.WPF\Bitz.Payroll.WPF.csproj", "{E11AD407-EB5B-4CF7-BFE2-86B18B8D8AC4}"
EndProject
Project("{FAE04EC0-301F-11D3-BF4B-00C04F79EFBC}") = "Bitz.Payroll.Business", "..\Bitz.Payroll\Bitz.Payroll.Business\Bitz.Payroll.Business.csproj", "{531C14CC-8B34-42EE-862C-D062E2896E3C}"
EndProject
Project("{FAE04EC0-301F-11D3-BF4B-00C04F79EFBC}") = "Bitz.Dashboard.WPF", "..\Bitz.Dashboard\Bitz.Dashboard.WPF\Bitz.Dashboard.WPF.csproj", "{F1912B86-D5CF-498B-B2E8-DD2804E5F8D0}"
EndProject
Project("{2150E333-8FDC-42A3-9474-1A3956D46DE8}") = "Bitz.Dashboard", "Bitz.Dashboard", "{87E9DD64-C234-4F85-A93A-246826FE6CA3}"
EndProject
Project("{FAE04EC0-301F-11D3-BF4B-00C04F79EFBC}") = "Bitz.Dashboard.Business", "..\Bitz.Dashboard\Bitz.Dashboard.Business\Bitz.Dashboard.Business.csproj", "{FB4A6FD5-E37B-43AE-A0A8-01D06A036999}"
EndProject
Project("{2150E333-8FDC-42A3-9474-1A3956D46DE8}") = "Bitz.Reports", "Bitz.Reports", "{90CBF575-C27F-4237-8F6E-209AADED74BA}"
EndProject
Project("{FAE04EC0-301F-11D3-BF4B-00C04F79EFBC}") = "Bitz.Reports.WPF", "..\Bitz.Reports\Bitz.Reports.WPF\Bitz.Reports.WPF.csproj", "{32AF7389-679B-4AA6-B4FD-C8CE85C7E4C5}"
EndProject
Project("{FAE04EC0-301F-11D3-BF4B-00C04F79EFBC}") = "Bitz.Reports.Business", "..\Bitz.Reports\Bitz.Reports.Business\Bitz.Reports.Business.csproj", "{36237581-AE93-4FE1-A88B-17B3F94BADDC}"
EndProject
Project("{FAE04EC0-301F-11D3-BF4B-00C04F79EFBC}") = "Bitz.Core", "Bitz.Core\Bitz.Core.csproj", "{C641477B-BB85-4E90-B976-8C41DD306D89}"
EndProject
Global
	GlobalSection(SolutionConfigurationPlatforms) = preSolution
		Debug|Any CPU = Debug|Any CPU
		Release|Any CPU = Release|Any CPU
	EndGlobalSection
	GlobalSection(ProjectConfigurationPlatforms) = postSolution
		{0DA39ED2-F150-4860-9D07-0A0AF63E4045}.Debug|Any CPU.ActiveCfg = Debug|Any CPU
		{0DA39ED2-F150-4860-9D07-0A0AF63E4045}.Debug|Any CPU.Build.0 = Debug|Any CPU
		{0DA39ED2-F150-4860-9D07-0A0AF63E4045}.Release|Any CPU.ActiveCfg = Release|Any CPU
		{0DA39ED2-F150-4860-9D07-0A0AF63E4045}.Release|Any CPU.Build.0 = Release|Any CPU
		{D0F8A00D-250B-49EE-BF1D-83730DFF463F}.Debug|Any CPU.ActiveCfg = Debug|Any CPU
		{D0F8A00D-250B-49EE-BF1D-83730DFF463F}.Debug|Any CPU.Build.0 = Debug|Any CPU
		{D0F8A00D-250B-49EE-BF1D-83730DFF463F}.Release|Any CPU.ActiveCfg = Release|Any CPU
		{D0F8A00D-250B-49EE-BF1D-83730DFF463F}.Release|Any CPU.Build.0 = Release|Any CPU
		{06916F85-B3B6-46F5-BF60-39B14BEFEDF1}.Debug|Any CPU.ActiveCfg = Debug|Any CPU
		{06916F85-B3B6-46F5-BF60-39B14BEFEDF1}.Debug|Any CPU.Build.0 = Debug|Any CPU
		{06916F85-B3B6-46F5-BF60-39B14BEFEDF1}.Release|Any CPU.ActiveCfg = Release|Any CPU
		{06916F85-B3B6-46F5-BF60-39B14BEFEDF1}.Release|Any CPU.Build.0 = Release|Any CPU
		{54E9FCDA-831B-4629-A03F-62BA4603CB65}.Debug|Any CPU.ActiveCfg = Debug|Any CPU
		{54E9FCDA-831B-4629-A03F-62BA4603CB65}.Debug|Any CPU.Build.0 = Debug|Any CPU
		{54E9FCDA-831B-4629-A03F-62BA4603CB65}.Release|Any CPU.ActiveCfg = Release|Any CPU
		{54E9FCDA-831B-4629-A03F-62BA4603CB65}.Release|Any CPU.Build.0 = Release|Any CPU
		{E11AD407-EB5B-4CF7-BFE2-86B18B8D8AC4}.Debug|Any CPU.ActiveCfg = Debug|Any CPU
		{E11AD407-EB5B-4CF7-BFE2-86B18B8D8AC4}.Debug|Any CPU.Build.0 = Debug|Any CPU
		{E11AD407-EB5B-4CF7-BFE2-86B18B8D8AC4}.Release|Any CPU.ActiveCfg = Release|Any CPU
		{E11AD407-EB5B-4CF7-BFE2-86B18B8D8AC4}.Release|Any CPU.Build.0 = Release|Any CPU
		{531C14CC-8B34-42EE-862C-D062E2896E3C}.Debug|Any CPU.ActiveCfg = Debug|Any CPU
		{531C14CC-8B34-42EE-862C-D062E2896E3C}.Debug|Any CPU.Build.0 = Debug|Any CPU
		{531C14CC-8B34-42EE-862C-D062E2896E3C}.Release|Any CPU.ActiveCfg = Release|Any CPU
		{531C14CC-8B34-42EE-862C-D062E2896E3C}.Release|Any CPU.Build.0 = Release|Any CPU
		{F1912B86-D5CF-498B-B2E8-DD2804E5F8D0}.Debug|Any CPU.ActiveCfg = Debug|Any CPU
		{F1912B86-D5CF-498B-B2E8-DD2804E5F8D0}.Debug|Any CPU.Build.0 = Debug|Any CPU
		{F1912B86-D5CF-498B-B2E8-DD2804E5F8D0}.Release|Any CPU.ActiveCfg = Release|Any CPU
		{F1912B86-D5CF-498B-B2E8-DD2804E5F8D0}.Release|Any CPU.Build.0 = Release|Any CPU
		{FB4A6FD5-E37B-43AE-A0A8-01D06A036999}.Debug|Any CPU.ActiveCfg = Debug|Any CPU
		{FB4A6FD5-E37B-43AE-A0A8-01D06A036999}.Debug|Any CPU.Build.0 = Debug|Any CPU
		{FB4A6FD5-E37B-43AE-A0A8-01D06A036999}.Release|Any CPU.ActiveCfg = Release|Any CPU
		{FB4A6FD5-E37B-43AE-A0A8-01D06A036999}.Release|Any CPU.Build.0 = Release|Any CPU
		{32AF7389-679B-4AA6-B4FD-C8CE85C7E4C5}.Debug|Any CPU.ActiveCfg = Debug|Any CPU
		{32AF7389-679B-4AA6-B4FD-C8CE85C7E4C5}.Debug|Any CPU.Build.0 = Debug|Any CPU
		{32AF7389-679B-4AA6-B4FD-C8CE85C7E4C5}.Release|Any CPU.ActiveCfg = Release|Any CPU
		{32AF7389-679B-4AA6-B4FD-C8CE85C7E4C5}.Release|Any CPU.Build.0 = Release|Any CPU
		{36237581-AE93-4FE1-A88B-17B3F94BADDC}.Debug|Any CPU.ActiveCfg = Debug|Any CPU
		{36237581-AE93-4FE1-A88B-17B3F94BADDC}.Debug|Any CPU.Build.0 = Debug|Any CPU
		{36237581-AE93-4FE1-A88B-17B3F94BADDC}.Release|Any CPU.ActiveCfg = Release|Any CPU
		{36237581-AE93-4FE1-A88B-17B3F94BADDC}.Release|Any CPU.Build.0 = Release|Any CPU
		{C641477B-BB85-4E90-B976-8C41DD306D89}.Debug|Any CPU.ActiveCfg = Debug|Any CPU
		{C641477B-BB85-4E90-B976-8C41DD306D89}.Debug|Any CPU.Build.0 = Debug|Any CPU
		{C641477B-BB85-4E90-B976-8C41DD306D89}.Release|Any CPU.ActiveCfg = Release|Any CPU
		{C641477B-BB85-4E90-B976-8C41DD306D89}.Release|Any CPU.Build.0 = Release|Any CPU
	EndGlobalSection
	GlobalSection(SolutionProperties) = preSolution
		HideSolutionNode = FALSE
	EndGlobalSection
	GlobalSection(NestedProjects) = preSolution
		{0DA39ED2-F150-4860-9D07-0A0AF63E4045} = {00C8A5EC-EB5F-4A07-B39A-8C9562B77831}
		{D0F8A00D-250B-49EE-BF1D-83730DFF463F} = {00C8A5EC-EB5F-4A07-B39A-8C9562B77831}
		{06916F85-B3B6-46F5-BF60-39B14BEFEDF1} = {C8DA3A7C-8AB1-476A-A8C5-753601B5C550}
		{54E9FCDA-831B-4629-A03F-62BA4603CB65} = {C8DA3A7C-8AB1-476A-A8C5-753601B5C550}
		{E11AD407-EB5B-4CF7-BFE2-86B18B8D8AC4} = {35972D74-7146-4CC8-B3D9-A97BF1863BFC}
		{531C14CC-8B34-42EE-862C-D062E2896E3C} = {35972D74-7146-4CC8-B3D9-A97BF1863BFC}
		{F1912B86-D5CF-498B-B2E8-DD2804E5F8D0} = {87E9DD64-C234-4F85-A93A-246826FE6CA3}
		{FB4A6FD5-E37B-43AE-A0A8-01D06A036999} = {87E9DD64-C234-4F85-A93A-246826FE6CA3}
		{32AF7389-679B-4AA6-B4FD-C8CE85C7E4C5} = {90CBF575-C27F-4237-8F6E-209AADED74BA}
		{36237581-AE93-4FE1-A88B-17B3F94BADDC} = {90CBF575-C27F-4237-8F6E-209AADED74BA}
		{C641477B-BB85-4E90-B976-8C41DD306D89} = {00C8A5EC-EB5F-4A07-B39A-8C9562B77831}
	EndGlobalSection
EndGlobal
